// !$*UTF8*$!
{
	archiveVersion = 1;
	classes = {
	};
	objectVersion = 55;
	objects = {

/* Begin PBXBuildFile section */
		765D2D1F2A1EAA6400820AEB /* AppDelegate.swift in Sources */ = {isa = PBXBuildFile; fileRef = 765D2D1E2A1EAA6400820AEB /* AppDelegate.swift */; };
		765D2D212A1EAA6400820AEB /* SceneDelegate.swift in Sources */ = {isa = PBXBuildFile; fileRef = 765D2D202A1EAA6400820AEB /* SceneDelegate.swift */; };
		765D2D262A1EAA6400820AEB /* Main.storyboard in Resources */ = {isa = PBXBuildFile; fileRef = 765D2D242A1EAA6400820AEB /* Main.storyboard */; };
		765D2D282A1EAA6600820AEB /* Assets.xcassets in Resources */ = {isa = PBXBuildFile; fileRef = 765D2D272A1EAA6600820AEB /* Assets.xcassets */; };
		765D2D2B2A1EAA6600820AEB /* LaunchScreen.storyboard in Resources */ = {isa = PBXBuildFile; fileRef = 765D2D292A1EAA6600820AEB /* LaunchScreen.storyboard */; };
		765D2D362A1EAA6600820AEB /* GoodNewsTests.swift in Sources */ = {isa = PBXBuildFile; fileRef = 765D2D352A1EAA6600820AEB /* GoodNewsTests.swift */; };
		765D2D402A1EAA6600820AEB /* GoodNewsUITests.swift in Sources */ = {isa = PBXBuildFile; fileRef = 765D2D3F2A1EAA6600820AEB /* GoodNewsUITests.swift */; };
		765D2D422A1EAA6600820AEB /* GoodNewsUITestsLaunchTests.swift in Sources */ = {isa = PBXBuildFile; fileRef = 765D2D412A1EAA6600820AEB /* GoodNewsUITestsLaunchTests.swift */; };
		765D2D502A1EB0FF00820AEB /* NewsListTableViewController.swift in Sources */ = {isa = PBXBuildFile; fileRef = 765D2D4F2A1EB0FF00820AEB /* NewsListTableViewController.swift */; };
		765D2D532A1EBD0600820AEB /* WebService.swift in Sources */ = {isa = PBXBuildFile; fileRef = 765D2D522A1EBD0600820AEB /* WebService.swift */; };
		765D2D562A1FDEB500820AEB /* Article.swift in Sources */ = {isa = PBXBuildFile; fileRef = 765D2D552A1FDEB500820AEB /* Article.swift */; };
		765D2D582A1FE01C00820AEB /* ArticleList.swift in Sources */ = {isa = PBXBuildFile; fileRef = 765D2D572A1FE01C00820AEB /* ArticleList.swift */; };
/* End PBXBuildFile section */

/* Begin PBXContainerItemProxy section */
		765D2D322A1EAA6600820AEB /* PBXContainerItemProxy */ = {
			isa = PBXContainerItemProxy;
			containerPortal = 765D2D132A1EAA6400820AEB /* Project object */;
			proxyType = 1;
			remoteGlobalIDString = 765D2D1A2A1EAA6400820AEB;
			remoteInfo = GoodNews;
		};
		765D2D3C2A1EAA6600820AEB /* PBXContainerItemProxy */ = {
			isa = PBXContainerItemProxy;
			containerPortal = 765D2D132A1EAA6400820AEB /* Project object */;
			proxyType = 1;
			remoteGlobalIDString = 765D2D1A2A1EAA6400820AEB;
			remoteInfo = GoodNews;
		};
/* End PBXContainerItemProxy section */

/* Begin PBXFileReference section */
		765D2D1B2A1EAA6400820AEB /* GoodNews.app */ = {isa = PBXFileReference; explicitFileType = wrapper.application; includeInIndex = 0; path = GoodNews.app; sourceTree = BUILT_PRODUCTS_DIR; };
		765D2D1E2A1EAA6400820AEB /* AppDelegate.swift */ = {isa = PBXFileReference; lastKnownFileType = sourcecode.swift; path = AppDelegate.swift; sourceTree = "<group>"; };
		765D2D202A1EAA6400820AEB /* SceneDelegate.swift */ = {isa = PBXFileReference; lastKnownFileType = sourcecode.swift; path = SceneDelegate.swift; sourceTree = "<group>"; };
		765D2D252A1EAA6400820AEB /* Base */ = {isa = PBXFileReference; lastKnownFileType = file.storyboard; name = Base; path = Base.lproj/Main.storyboard; sourceTree = "<group>"; };
		765D2D272A1EAA6600820AEB /* Assets.xcassets */ = {isa = PBXFileReference; lastKnownFileType = folder.assetcatalog; path = Assets.xcassets; sourceTree = "<group>"; };
		765D2D2A2A1EAA6600820AEB /* Base */ = {isa = PBXFileReference; lastKnownFileType = file.storyboard; name = Base; path = Base.lproj/LaunchScreen.storyboard; sourceTree = "<group>"; };
		765D2D2C2A1EAA6600820AEB /* Info.plist */ = {isa = PBXFileReference; lastKnownFileType = text.plist.xml; path = Info.plist; sourceTree = "<group>"; };
		765D2D312A1EAA6600820AEB /* GoodNewsTests.xctest */ = {isa = PBXFileReference; explicitFileType = wrapper.cfbundle; includeInIndex = 0; path = GoodNewsTests.xctest; sourceTree = BUILT_PRODUCTS_DIR; };
		765D2D352A1EAA6600820AEB /* GoodNewsTests.swift */ = {isa = PBXFileReference; lastKnownFileType = sourcecode.swift; path = GoodNewsTests.swift; sourceTree = "<group>"; };
		765D2D3B2A1EAA6600820AEB /* GoodNewsUITests.xctest */ = {isa = PBXFileReference; explicitFileType = wrapper.cfbundle; includeInIndex = 0; path = GoodNewsUITests.xctest; sourceTree = BUILT_PRODUCTS_DIR; };
		765D2D3F2A1EAA6600820AEB /* GoodNewsUITests.swift */ = {isa = PBXFileReference; lastKnownFileType = sourcecode.swift; path = GoodNewsUITests.swift; sourceTree = "<group>"; };
		765D2D412A1EAA6600820AEB /* GoodNewsUITestsLaunchTests.swift */ = {isa = PBXFileReference; lastKnownFileType = sourcecode.swift; path = GoodNewsUITestsLaunchTests.swift; sourceTree = "<group>"; };
		765D2D4F2A1EB0FF00820AEB /* NewsListTableViewController.swift */ = {isa = PBXFileReference; lastKnownFileType = sourcecode.swift; path = NewsListTableViewController.swift; sourceTree = "<group>"; };
		765D2D522A1EBD0600820AEB /* WebService.swift */ = {isa = PBXFileReference; lastKnownFileType = sourcecode.swift; path = WebService.swift; sourceTree = "<group>"; };
		765D2D552A1FDEB500820AEB /* Article.swift */ = {isa = PBXFileReference; lastKnownFileType = sourcecode.swift; path = Article.swift; sourceTree = "<group>"; };
		765D2D572A1FE01C00820AEB /* ArticleList.swift */ = {isa = PBXFileReference; lastKnownFileType = sourcecode.swift; path = ArticleList.swift; sourceTree = "<group>"; };
/* End PBXFileReference section */

/* Begin PBXFrameworksBuildPhase section */
		765D2D182A1EAA6400820AEB /* Frameworks */ = {
			isa = PBXFrameworksBuildPhase;
			buildActionMask = 2147483647;
			files = (
			);
			runOnlyForDeploymentPostprocessing = 0;
		};
		765D2D2E2A1EAA6600820AEB /* Frameworks */ = {
			isa = PBXFrameworksBuildPhase;
			buildActionMask = 2147483647;
			files = (
			);
			runOnlyForDeploymentPostprocessing = 0;
		};
		765D2D382A1EAA6600820AEB /* Frameworks */ = {
			isa = PBXFrameworksBuildPhase;
			buildActionMask = 2147483647;
			files = (
			);
			runOnlyForDeploymentPostprocessing = 0;
		};
/* End PBXFrameworksBuildPhase section */

/* Begin PBXGroup section */
		765D2D122A1EAA6400820AEB = {
			isa = PBXGroup;
			children = (
				765D2D1D2A1EAA6400820AEB /* GoodNews */,
				765D2D342A1EAA6600820AEB /* GoodNewsTests */,
				765D2D3E2A1EAA6600820AEB /* GoodNewsUITests */,
				765D2D1C2A1EAA6400820AEB /* Products */,
			);
			sourceTree = "<group>";
		};
		765D2D1C2A1EAA6400820AEB /* Products */ = {
			isa = PBXGroup;
			children = (
				765D2D1B2A1EAA6400820AEB /* GoodNews.app */,
				765D2D312A1EAA6600820AEB /* GoodNewsTests.xctest */,
				765D2D3B2A1EAA6600820AEB /* GoodNewsUITests.xctest */,
			);
			name = Products;
			sourceTree = "<group>";
		};
		765D2D1D2A1EAA6400820AEB /* GoodNews */ = {
			isa = PBXGroup;
			children = (
				765D2D542A1FDE9D00820AEB /* Models */,
				765D2D512A1EBCF700820AEB /* Services */,
				765D2D4E2A1EB0E000820AEB /* Controllers */,
				765D2D1E2A1EAA6400820AEB /* AppDelegate.swift */,
				765D2D202A1EAA6400820AEB /* SceneDelegate.swift */,
				765D2D242A1EAA6400820AEB /* Main.storyboard */,
				765D2D272A1EAA6600820AEB /* Assets.xcassets */,
				765D2D292A1EAA6600820AEB /* LaunchScreen.storyboard */,
				765D2D2C2A1EAA6600820AEB /* Info.plist */,
			);
			path = GoodNews;
			sourceTree = "<group>";
		};
		765D2D342A1EAA6600820AEB /* GoodNewsTests */ = {
			isa = PBXGroup;
			children = (
				765D2D352A1EAA6600820AEB /* GoodNewsTests.swift */,
			);
			path = GoodNewsTests;
			sourceTree = "<group>";
		};
		765D2D3E2A1EAA6600820AEB /* GoodNewsUITests */ = {
			isa = PBXGroup;
			children = (
				765D2D3F2A1EAA6600820AEB /* GoodNewsUITests.swift */,
				765D2D412A1EAA6600820AEB /* GoodNewsUITestsLaunchTests.swift */,
			);
			path = GoodNewsUITests;
			sourceTree = "<group>";
		};
		765D2D4E2A1EB0E000820AEB /* Controllers */ = {
			isa = PBXGroup;
			children = (
				765D2D4F2A1EB0FF00820AEB /* NewsListTableViewController.swift */,
			);
			path = Controllers;
			sourceTree = "<group>";
		};
		765D2D512A1EBCF700820AEB /* Services */ = {
			isa = PBXGroup;
			children = (
				765D2D522A1EBD0600820AEB /* WebService.swift */,
			);
			path = Services;
			sourceTree = "<group>";
		};
		765D2D542A1FDE9D00820AEB /* Models */ = {
			isa = PBXGroup;
			children = (
				765D2D552A1FDEB500820AEB /* Article.swift */,
				765D2D572A1FE01C00820AEB /* ArticleList.swift */,
			);
			path = Models;
			sourceTree = "<group>";
		};
/* End PBXGroup section */

/* Begin PBXNativeTarget section */
		765D2D1A2A1EAA6400820AEB /* GoodNews */ = {
			isa = PBXNativeTarget;
			buildConfigurationList = 765D2D452A1EAA6600820AEB /* Build configuration list for PBXNativeTarget "GoodNews" */;
			buildPhases = (
				765D2D172A1EAA6400820AEB /* Sources */,
				765D2D182A1EAA6400820AEB /* Frameworks */,
				765D2D192A1EAA6400820AEB /* Resources */,
			);
			buildRules = (
			);
			dependencies = (
			);
			name = GoodNews;
			productName = GoodNews;
			productReference = 765D2D1B2A1EAA6400820AEB /* GoodNews.app */;
			productType = "com.apple.product-type.application";
		};
		765D2D302A1EAA6600820AEB /* GoodNewsTests */ = {
			isa = PBXNativeTarget;
			buildConfigurationList = 765D2D482A1EAA6600820AEB /* Build configuration list for PBXNativeTarget "GoodNewsTests" */;
			buildPhases = (
				765D2D2D2A1EAA6600820AEB /* Sources */,
				765D2D2E2A1EAA6600820AEB /* Frameworks */,
				765D2D2F2A1EAA6600820AEB /* Resources */,
			);
			buildRules = (
			);
			dependencies = (
				765D2D332A1EAA6600820AEB /* PBXTargetDependency */,
			);
			name = GoodNewsTests;
			productName = GoodNewsTests;
			productReference = 765D2D312A1EAA6600820AEB /* GoodNewsTests.xctest */;
			productType = "com.apple.product-type.bundle.unit-test";
		};
		765D2D3A2A1EAA6600820AEB /* GoodNewsUITests */ = {
			isa = PBXNativeTarget;
			buildConfigurationList = 765D2D4B2A1EAA6600820AEB /* Build configuration list for PBXNativeTarget "GoodNewsUITests" */;
			buildPhases = (
				765D2D372A1EAA6600820AEB /* Sources */,
				765D2D382A1EAA6600820AEB /* Frameworks */,
				765D2D392A1EAA6600820AEB /* Resources */,
			);
			buildRules = (
			);
			dependencies = (
				765D2D3D2A1EAA6600820AEB /* PBXTargetDependency */,
			);
			name = GoodNewsUITests;
			productName = GoodNewsUITests;
			productReference = 765D2D3B2A1EAA6600820AEB /* GoodNewsUITests.xctest */;
			productType = "com.apple.product-type.bundle.ui-testing";
		};
/* End PBXNativeTarget section */

/* Begin PBXProject section */
		765D2D132A1EAA6400820AEB /* Project object */ = {
			isa = PBXProject;
			attributes = {
				BuildIndependentTargetsInParallel = 1;
				LastSwiftUpdateCheck = 1340;
				LastUpgradeCheck = 1340;
				TargetAttributes = {
					765D2D1A2A1EAA6400820AEB = {
						CreatedOnToolsVersion = 13.4.1;
					};
					765D2D302A1EAA6600820AEB = {
						CreatedOnToolsVersion = 13.4.1;
						TestTargetID = 765D2D1A2A1EAA6400820AEB;
					};
					765D2D3A2A1EAA6600820AEB = {
						CreatedOnToolsVersion = 13.4.1;
						TestTargetID = 765D2D1A2A1EAA6400820AEB;
					};
				};
			};
			buildConfigurationList = 765D2D162A1EAA6400820AEB /* Build configuration list for PBXProject "GoodNews" */;
			compatibilityVersion = "Xcode 13.0";
			developmentRegion = en;
			hasScannedForEncodings = 0;
			knownRegions = (
				en,
				Base,
			);
			mainGroup = 765D2D122A1EAA6400820AEB;
			productRefGroup = 765D2D1C2A1EAA6400820AEB /* Products */;
			projectDirPath = "";
			projectRoot = "";
			targets = (
				765D2D1A2A1EAA6400820AEB /* GoodNews */,
				765D2D302A1EAA6600820AEB /* GoodNewsTests */,
				765D2D3A2A1EAA6600820AEB /* GoodNewsUITests */,
			);
		};
/* End PBXProject section */

/* Begin PBXResourcesBuildPhase section */
		765D2D192A1EAA6400820AEB /* Resources */ = {
			isa = PBXResourcesBuildPhase;
			buildActionMask = 2147483647;
			files = (
				765D2D2B2A1EAA6600820AEB /* LaunchScreen.storyboard in Resources */,
				765D2D282A1EAA6600820AEB /* Assets.xcassets in Resources */,
				765D2D262A1EAA6400820AEB /* Main.storyboard in Resources */,
			);
			runOnlyForDeploymentPostprocessing = 0;
		};
		765D2D2F2A1EAA6600820AEB /* Resources */ = {
			isa = PBXResourcesBuildPhase;
			buildActionMask = 2147483647;
			files = (
			);
			runOnlyForDeploymentPostprocessing = 0;
		};
		765D2D392A1EAA6600820AEB /* Resources */ = {
			isa = PBXResourcesBuildPhase;
			buildActionMask = 2147483647;
			files = (
			);
			runOnlyForDeploymentPostprocessing = 0;
		};
/* End PBXResourcesBuildPhase section */

/* Begin PBXSourcesBuildPhase section */
		765D2D172A1EAA6400820AEB /* Sources */ = {
			isa = PBXSourcesBuildPhase;
			buildActionMask = 2147483647;
			files = (
				765D2D1F2A1EAA6400820AEB /* AppDelegate.swift in Sources */,
				765D2D502A1EB0FF00820AEB /* NewsListTableViewController.swift in Sources */,
				765D2D582A1FE01C00820AEB /* ArticleList.swift in Sources */,
				765D2D532A1EBD0600820AEB /* WebService.swift in Sources */,
				765D2D212A1EAA6400820AEB /* SceneDelegate.swift in Sources */,
				765D2D562A1FDEB500820AEB /* Article.swift in Sources */,
			);
			runOnlyForDeploymentPostprocessing = 0;
		};
		765D2D2D2A1EAA6600820AEB /* Sources */ = {
			isa = PBXSourcesBuildPhase;
			buildActionMask = 2147483647;
			files = (
				765D2D362A1EAA6600820AEB /* GoodNewsTests.swift in Sources */,
			);
			runOnlyForDeploymentPostprocessing = 0;
		};
		765D2D372A1EAA6600820AEB /* Sources */ = {
			isa = PBXSourcesBuildPhase;
			buildActionMask = 2147483647;
			files = (
				765D2D422A1EAA6600820AEB /* GoodNewsUITestsLaunchTests.swift in Sources */,
				765D2D402A1EAA6600820AEB /* GoodNewsUITests.swift in Sources */,
			);
			runOnlyForDeploymentPostprocessing = 0;
		};
/* End PBXSourcesBuildPhase section */

/* Begin PBXTargetDependency section */
		765D2D332A1EAA6600820AEB /* PBXTargetDependency */ = {
			isa = PBXTargetDependency;
			target = 765D2D1A2A1EAA6400820AEB /* GoodNews */;
			targetProxy = 765D2D322A1EAA6600820AEB /* PBXContainerItemProxy */;
		};
		765D2D3D2A1EAA6600820AEB /* PBXTargetDependency */ = {
			isa = PBXTargetDependency;
			target = 765D2D1A2A1EAA6400820AEB /* GoodNews */;
			targetProxy = 765D2D3C2A1EAA6600820AEB /* PBXContainerItemProxy */;
		};
/* End PBXTargetDependency section */

/* Begin PBXVariantGroup section */
		765D2D242A1EAA6400820AEB /* Main.storyboard */ = {
			isa = PBXVariantGroup;
			children = (
				765D2D252A1EAA6400820AEB /* Base */,
			);
			name = Main.storyboard;
			sourceTree = "<group>";
		};
		765D2D292A1EAA6600820AEB /* LaunchScreen.storyboard */ = {
			isa = PBXVariantGroup;
			children = (
				765D2D2A2A1EAA6600820AEB /* Base */,
			);
			name = LaunchScreen.storyboard;
			sourceTree = "<group>";
		};
/* End PBXVariantGroup section */

/* Begin XCBuildConfiguration section */
		765D2D432A1EAA6600820AEB /* Debug */ = {
			isa = XCBuildConfiguration;
			buildSettings = {
				ALWAYS_SEARCH_USER_PATHS = NO;
				CLANG_ANALYZER_NONNULL = YES;
				CLANG_ANALYZER_NUMBER_OBJECT_CONVERSION = YES_AGGRESSIVE;
				CLANG_CXX_LANGUAGE_STANDARD = "gnu++17";
				CLANG_ENABLE_MODULES = YES;
				CLANG_ENABLE_OBJC_ARC = YES;
				CLANG_ENABLE_OBJC_WEAK = YES;
				CLANG_WARN_BLOCK_CAPTURE_AUTORELEASING = YES;
				CLANG_WARN_BOOL_CONVERSION = YES;
				CLANG_WARN_COMMA = YES;
				CLANG_WARN_CONSTANT_CONVERSION = YES;
				CLANG_WARN_DEPRECATED_OBJC_IMPLEMENTATIONS = YES;
				CLANG_WARN_DIRECT_OBJC_ISA_USAGE = YES_ERROR;
				CLANG_WARN_DOCUMENTATION_COMMENTS = YES;
				CLANG_WARN_EMPTY_BODY = YES;
				CLANG_WARN_ENUM_CONVERSION = YES;
				CLANG_WARN_INFINITE_RECURSION = YES;
				CLANG_WARN_INT_CONVERSION = YES;
				CLANG_WARN_NON_LITERAL_NULL_CONVERSION = YES;
				CLANG_WARN_OBJC_IMPLICIT_RETAIN_SELF = YES;
				CLANG_WARN_OBJC_LITERAL_CONVERSION = YES;
				CLANG_WARN_OBJC_ROOT_CLASS = YES_ERROR;
				CLANG_WARN_QUOTED_INCLUDE_IN_FRAMEWORK_HEADER = YES;
				CLANG_WARN_RANGE_LOOP_ANALYSIS = YES;
				CLANG_WARN_STRICT_PROTOTYPES = YES;
				CLANG_WARN_SUSPICIOUS_MOVE = YES;
				CLANG_WARN_UNGUARDED_AVAILABILITY = YES_AGGRESSIVE;
				CLANG_WARN_UNREACHABLE_CODE = YES;
				CLANG_WARN__DUPLICATE_METHOD_MATCH = YES;
				COPY_PHASE_STRIP = NO;
				DEBUG_INFORMATION_FORMAT = dwarf;
				ENABLE_STRICT_OBJC_MSGSEND = YES;
				ENABLE_TESTABILITY = YES;
				GCC_C_LANGUAGE_STANDARD = gnu11;
				GCC_DYNAMIC_NO_PIC = NO;
				GCC_NO_COMMON_BLOCKS = YES;
				GCC_OPTIMIZATION_LEVEL = 0;
				GCC_PREPROCESSOR_DEFINITIONS = (
					"DEBUG=1",
					"$(inherited)",
				);
				GCC_WARN_64_TO_32_BIT_CONVERSION = YES;
				GCC_WARN_ABOUT_RETURN_TYPE = YES_ERROR;
				GCC_WARN_UNDECLARED_SELECTOR = YES;
				GCC_WARN_UNINITIALIZED_AUTOS = YES_AGGRESSIVE;
				GCC_WARN_UNUSED_FUNCTION = YES;
				GCC_WARN_UNUSED_VARIABLE = YES;
				IPHONEOS_DEPLOYMENT_TARGET = 15.5;
				MTL_ENABLE_DEBUG_INFO = INCLUDE_SOURCE;
				MTL_FAST_MATH = YES;
				ONLY_ACTIVE_ARCH = YES;
				SDKROOT = iphoneos;
				SWIFT_ACTIVE_COMPILATION_CONDITIONS = DEBUG;
				SWIFT_OPTIMIZATION_LEVEL = "-Onone";
			};
			name = Debug;
		};
		765D2D442A1EAA6600820AEB /* Release */ = {
			isa = XCBuildConfiguration;
			buildSettings = {
				ALWAYS_SEARCH_USER_PATHS = NO;
				CLANG_ANALYZER_NONNULL = YES;
				CLANG_ANALYZER_NUMBER_OBJECT_CONVERSION = YES_AGGRESSIVE;
				CLANG_CXX_LANGUAGE_STANDARD = "gnu++17";
				CLANG_ENABLE_MODULES = YES;
				CLANG_ENABLE_OBJC_ARC = YES;
				CLANG_ENABLE_OBJC_WEAK = YES;
				CLANG_WARN_BLOCK_CAPTURE_AUTORELEASING = YES;
				CLANG_WARN_BOOL_CONVERSION = YES;
				CLANG_WARN_COMMA = YES;
				CLANG_WARN_CONSTANT_CONVERSION = YES;
				CLANG_WARN_DEPRECATED_OBJC_IMPLEMENTATIONS = YES;
				CLANG_WARN_DIRECT_OBJC_ISA_USAGE = YES_ERROR;
				CLANG_WARN_DOCUMENTATION_COMMENTS = YES;
				CLANG_WARN_EMPTY_BODY = YES;
				CLANG_WARN_ENUM_CONVERSION = YES;
				CLANG_WARN_INFINITE_RECURSION = YES;
				CLANG_WARN_INT_CONVERSION = YES;
				CLANG_WARN_NON_LITERAL_NULL_CONVERSION = YES;
				CLANG_WARN_OBJC_IMPLICIT_RETAIN_SELF = YES;
				CLANG_WARN_OBJC_LITERAL_CONVERSION = YES;
				CLANG_WARN_OBJC_ROOT_CLASS = YES_ERROR;
				CLANG_WARN_QUOTED_INCLUDE_IN_FRAMEWORK_HEADER = YES;
				CLANG_WARN_RANGE_LOOP_ANALYSIS = YES;
				CLANG_WARN_STRICT_PROTOTYPES = YES;
				CLANG_WARN_SUSPICIOUS_MOVE = YES;
				CLANG_WARN_UNGUARDED_AVAILABILITY = YES_AGGRESSIVE;
				CLANG_WARN_UNREACHABLE_CODE = YES;
				CLANG_WARN__DUPLICATE_METHOD_MATCH = YES;
				COPY_PHASE_STRIP = NO;
				DEBUG_INFORMATION_FORMAT = "dwarf-with-dsym";
				ENABLE_NS_ASSERTIONS = NO;
				ENABLE_STRICT_OBJC_MSGSEND = YES;
				GCC_C_LANGUAGE_STANDARD = gnu11;
				GCC_NO_COMMON_BLOCKS = YES;
				GCC_WARN_64_TO_32_BIT_CONVERSION = YES;
				GCC_WARN_ABOUT_RETURN_TYPE = YES_ERROR;
				GCC_WARN_UNDECLARED_SELECTOR = YES;
				GCC_WARN_UNINITIALIZED_AUTOS = YES_AGGRESSIVE;
				GCC_WARN_UNUSED_FUNCTION = YES;
				GCC_WARN_UNUSED_VARIABLE = YES;
				IPHONEOS_DEPLOYMENT_TARGET = 15.5;
				MTL_ENABLE_DEBUG_INFO = NO;
				MTL_FAST_MATH = YES;
				SDKROOT = iphoneos;
				SWIFT_COMPILATION_MODE = wholemodule;
				SWIFT_OPTIMIZATION_LEVEL = "-O";
				VALIDATE_PRODUCT = YES;
			};
			name = Release;
		};
		765D2D462A1EAA6600820AEB /* Debug */ = {
			isa = XCBuildConfiguration;
			buildSettings = {
				ASSETCATALOG_COMPILER_APPICON_NAME = AppIcon;
				ASSETCATALOG_COMPILER_GLOBAL_ACCENT_COLOR_NAME = AccentColor;
				CODE_SIGN_STYLE = Automatic;
				CURRENT_PROJECT_VERSION = 1;
				DEVELOPMENT_TEAM = 7QA3954RCT;
				GENERATE_INFOPLIST_FILE = YES;
				INFOPLIST_FILE = GoodNews/Info.plist;
				INFOPLIST_KEY_UIApplicationSupportsIndirectInputEvents = YES;
				INFOPLIST_KEY_UILaunchStoryboardName = LaunchScreen;
				INFOPLIST_KEY_UIMainStoryboardFile = Main;
				INFOPLIST_KEY_UISupportedInterfaceOrientations_iPad = "UIInterfaceOrientationPortrait UIInterfaceOrientationPortraitUpsideDown UIInterfaceOrientationLandscapeLeft UIInterfaceOrientationLandscapeRight";
				INFOPLIST_KEY_UISupportedInterfaceOrientations_iPhone = "UIInterfaceOrientationPortrait UIInterfaceOrientationLandscapeLeft UIInterfaceOrientationLandscapeRight";
				LD_RUNPATH_SEARCH_PATHS = (
					"$(inherited)",
					"@executable_path/Frameworks",
				);
				MARKETING_VERSION = 1.0;
				PRODUCT_BUNDLE_IDENTIFIER = romegab.GoodNews;
				PRODUCT_NAME = "$(TARGET_NAME)";
				SWIFT_EMIT_LOC_STRINGS = YES;
				SWIFT_VERSION = 5.0;
				TARGETED_DEVICE_FAMILY = "1,2";
			};
			name = Debug;
		};
		765D2D472A1EAA6600820AEB /* Release */ = {
			isa = XCBuildConfiguration;
			buildSettings = {
				ASSETCATALOG_COMPILER_APPICON_NAME = AppIcon;
				ASSETCATALOG_COMPILER_GLOBAL_ACCENT_COLOR_NAME = AccentColor;
				CODE_SIGN_STYLE = Automatic;
				CURRENT_PROJECT_VERSION = 1;
				DEVELOPMENT_TEAM = 7QA3954RCT;
				GENERATE_INFOPLIST_FILE = YES;
				INFOPLIST_FILE = GoodNews/Info.plist;
				INFOPLIST_KEY_UIApplicationSupportsIndirectInputEvents = YES;
				INFOPLIST_KEY_UILaunchStoryboardName = LaunchScreen;
				INFOPLIST_KEY_UIMainStoryboardFile = Main;
				INFOPLIST_KEY_UISupportedInterfaceOrientations_iPad = "UIInterfaceOrientationPortrait UIInterfaceOrientationPortraitUpsideDown UIInterfaceOrientationLandscapeLeft UIInterfaceOrientationLandscapeRight";
				INFOPLIST_KEY_UISupportedInterfaceOrientations_iPhone = "UIInterfaceOrientationPortrait UIInterfaceOrientationLandscapeLeft UIInterfaceOrientationLandscapeRight";
				LD_RUNPATH_SEARCH_PATHS = (
					"$(inherited)",
					"@executable_path/Frameworks",
				);
				MARKETING_VERSION = 1.0;
				PRODUCT_BUNDLE_IDENTIFIER = romegab.GoodNews;
				PRODUCT_NAME = "$(TARGET_NAME)";
				SWIFT_EMIT_LOC_STRINGS = YES;
				SWIFT_VERSION = 5.0;
				TARGETED_DEVICE_FAMILY = "1,2";
			};
			name = Release;
		};
		765D2D492A1EAA6600820AEB /* Debug */ = {
			isa = XCBuildConfiguration;
			buildSettings = {
				ALWAYS_EMBED_SWIFT_STANDARD_LIBRARIES = YES;
				BUNDLE_LOADER = "$(TEST_HOST)";
				CODE_SIGN_STYLE = Automatic;
				CURRENT_PROJECT_VERSION = 1;
				DEVELOPMENT_TEAM = 7QA3954RCT;
				GENERATE_INFOPLIST_FILE = YES;
				IPHONEOS_DEPLOYMENT_TARGET = 15.5;
				MARKETING_VERSION = 1.0;
				PRODUCT_BUNDLE_IDENTIFIER = romegab.GoodNewsTests;
				PRODUCT_NAME = "$(TARGET_NAME)";
				SWIFT_EMIT_LOC_STRINGS = NO;
				SWIFT_VERSION = 5.0;
				TARGETED_DEVICE_FAMILY = "1,2";
				TEST_HOST = "$(BUILT_PRODUCTS_DIR)/GoodNews.app/GoodNews";
			};
			name = Debug;
		};
		765D2D4A2A1EAA6600820AEB /* Release */ = {
			isa = XCBuildConfiguration;
			buildSettings = {
				ALWAYS_EMBED_SWIFT_STANDARD_LIBRARIES = YES;
				BUNDLE_LOADER = "$(TEST_HOST)";
				CODE_SIGN_STYLE = Automatic;
				CURRENT_PROJECT_VERSION = 1;
				DEVELOPMENT_TEAM = 7QA3954RCT;
				GENERATE_INFOPLIST_FILE = YES;
				IPHONEOS_DEPLOYMENT_TARGET = 15.5;
				MARKETING_VERSION = 1.0;
				PRODUCT_BUNDLE_IDENTIFIER = romegab.GoodNewsTests;
				PRODUCT_NAME = "$(TARGET_NAME)";
				SWIFT_EMIT_LOC_STRINGS = NO;
				SWIFT_VERSION = 5.0;
				TARGETED_DEVICE_FAMILY = "1,2";
				TEST_HOST = "$(BUILT_PRODUCTS_DIR)/GoodNews.app/GoodNews";
			};
			name = Release;
		};
		765D2D4C2A1EAA6600820AEB /* Debug */ = {
			isa = XCBuildConfiguration;
			buildSettings = {
				ALWAYS_EMBED_SWIFT_STANDARD_LIBRARIES = YES;
				CODE_SIGN_STYLE = Automatic;
				CURRENT_PROJECT_VERSION = 1;
				DEVELOPMENT_TEAM = 7QA3954RCT;
				GENERATE_INFOPLIST_FILE = YES;
				MARKETING_VERSION = 1.0;
				PRODUCT_BUNDLE_IDENTIFIER = romegab.GoodNewsUITests;
				PRODUCT_NAME = "$(TARGET_NAME)";
				SWIFT_EMIT_LOC_STRINGS = NO;
				SWIFT_VERSION = 5.0;
				TARGETED_DEVICE_FAMILY = "1,2";
				TEST_TARGET_NAME = GoodNews;
			};
			name = Debug;
		};
		765D2D4D2A1EAA6600820AEB /* Release */ = {
			isa = XCBuildConfiguration;
			buildSettings = {
				ALWAYS_EMBED_SWIFT_STANDARD_LIBRARIES = YES;
				CODE_SIGN_STYLE = Automatic;
				CURRENT_PROJECT_VERSION = 1;
				DEVELOPMENT_TEAM = 7QA3954RCT;
				GENERATE_INFOPLIST_FILE = YES;
				MARKETING_VERSION = 1.0;
				PRODUCT_BUNDLE_IDENTIFIER = romegab.GoodNewsUITests;
				PRODUCT_NAME = "$(TARGET_NAME)";
				SWIFT_EMIT_LOC_STRINGS = NO;
				SWIFT_VERSION = 5.0;
				TARGETED_DEVICE_FAMILY = "1,2";
				TEST_TARGET_NAME = GoodNews;
			};
			name = Release;
		};
/* End XCBuildConfiguration section */

/* Begin XCConfigurationList section */
		765D2D162A1EAA6400820AEB /* Build configuration list for PBXProject "GoodNews" */ = {
			isa = XCConfigurationList;
			buildConfigurations = (
				765D2D432A1EAA6600820AEB /* Debug */,
				765D2D442A1EAA6600820AEB /* Release */,
			);
			defaultConfigurationIsVisible = 0;
			defaultConfigurationName = Release;
		};
		765D2D452A1EAA6600820AEB /* Build configuration list for PBXNativeTarget "GoodNews" */ = {
			isa = XCConfigurationList;
			buildConfigurations = (
				765D2D462A1EAA6600820AEB /* Debug */,
				765D2D472A1EAA6600820AEB /* Release */,
			);
			defaultConfigurationIsVisible = 0;
			defaultConfigurationName = Release;
		};
		765D2D482A1EAA6600820AEB /* Build configuration list for PBXNativeTarget "GoodNewsTests" */ = {
			isa = XCConfigurationList;
			buildConfigurations = (
				765D2D492A1EAA6600820AEB /* Debug */,
				765D2D4A2A1EAA6600820AEB /* Release */,
			);
			defaultConfigurationIsVisible = 0;
			defaultConfigurationName = Release;
		};
		765D2D4B2A1EAA6600820AEB /* Build configuration list for PBXNativeTarget "GoodNewsUITests" */ = {
			isa = XCConfigurationList;
			buildConfigurations = (
				765D2D4C2A1EAA6600820AEB /* Debug */,
				765D2D4D2A1EAA6600820AEB /* Release */,
			);
			defaultConfigurationIsVisible = 0;
			defaultConfigurationName = Release;
		};
/* End XCConfigurationList section */
	};
	rootObject = 765D2D132A1EAA6400820AEB /* Project object */;
}
